
Microsoft Visual Studio Solution File, Format Version 12.00
# Visual Studio Version 17
VisualStudioVersion = 17.12.35527.113 d17.12
MinimumVisualStudioVersion = 10.0.40219.1
Project("{FAE04EC0-301F-11D3-BF4B-00C04F79EFBC}") = "Assignment08C#OOP05", "Assignment08C#OOP05\Assignment08C#OOP05.csproj", "{2B52C011-C782-4EE4-9E96-A59974BB083B}"
EndProject
Global
	GlobalSection(SolutionConfigurationPlatforms) = preSolution
		Debug|Any CPU = Debug|Any CPU
		Release|Any CPU = Release|Any CPU
	EndGlobalSection
	GlobalSection(ProjectConfigurationPlatforms) = postSolution
		{2B52C011-C782-4EE4-9E96-A59974BB083B}.Debug|Any CPU.ActiveCfg = Debug|Any CPU
		{2B52C011-C782-4EE4-9E96-A59974BB083B}.Debug|Any CPU.Build.0 = Debug|Any CPU
		{2B52C011-C782-4EE4-9E96-A59974BB083B}.Release|Any CPU.ActiveCfg = Release|Any CPU
		{2B52C011-C782-4EE4-9E96-A59974BB083B}.Release|Any CPU.Build.0 = Release|Any CPU
	EndGlobalSection
	GlobalSection(SolutionProperties) = preSolution
		HideSolutionNode = FALSE
	EndGlobalSection
EndGlobal
